# This file is generated by running "yarn install" inside your project.
# Manual changes might be lost - proceed with caution!

__metadata:
  version: 8
  cacheKey: 10c0

"@fastify/accept-negotiator@npm:^2.0.0":
  version: 2.0.1
  resolution: "@fastify/accept-negotiator@npm:2.0.1"
  checksum: 10c0/b68386f8b3b69c73f79a54983bd86afc752c4373897ec1ad798356a325a69224ebd003c1aa47e11fc40b46f23bf2384ebb3907fe44214af806cc8ff6af913f18
  languageName: node
  linkType: hard

"@fastify/ajv-compiler@npm:^4.0.5":
  version: 4.0.5
  resolution: "@fastify/ajv-compiler@npm:4.0.5"
  dependencies:
    ajv: "npm:^8.12.0"
    ajv-formats: "npm:^3.0.1"
    fast-uri: "npm:^3.0.0"
  checksum: 10c0/b701602c5fad35d1327a6ebda530ca5ba2c7728223cd214b2b24af7cb2522c864b6cbbe77335ddd6a55d03f76899fb009386da783121b7ece136feb7ea937e13
  languageName: node
  linkType: hard

"@fastify/error@npm:^4.0.0":
  version: 4.2.0
  resolution: "@fastify/error@npm:4.2.0"
  checksum: 10c0/8bdafe95b368a71dfc5644ef22e0a2412dfbb2f300cf4658fdbd9035c96d7c034c53fd7d38e1150437d9cf7a2d75e6bd05e458cf9ba5f2e47e527df8a5e0bd4e
  languageName: node
  linkType: hard

"@fastify/fast-json-stringify-compiler@npm:^5.0.0":
  version: 5.0.3
  resolution: "@fastify/fast-json-stringify-compiler@npm:5.0.3"
  dependencies:
    fast-json-stringify: "npm:^6.0.0"
  checksum: 10c0/1f0e33c973fc228de44d997a8a1a43e883a580a8c971773bb9cb2375b0114694f81b47c52ac7e788eb6372d1f3dfc10be3176bad354a80d502d8b26a93dbc6c9
  languageName: node
  linkType: hard

"@fastify/forwarded@npm:^3.0.0":
  version: 3.0.1
  resolution: "@fastify/forwarded@npm:3.0.1"
  checksum: 10c0/fad9f7fb7ff4bf2f8ba782f79d46de190469817ed1bd55dc789927c381a38e63b53ab8c127d9444d703a449c5393529533bea365a25f6eb85a5ecbc78460be2a
  languageName: node
  linkType: hard

"@fastify/merge-json-schemas@npm:^0.2.0":
  version: 0.2.1
  resolution: "@fastify/merge-json-schemas@npm:0.2.1"
  dependencies:
    dequal: "npm:^2.0.3"
  checksum: 10c0/dfa884a8f62d53f71de273fdcd0e501b213367767a7d8c522ae87ba6fb571b3eea85175d6e019036d7c0c5419be60305abe54899b9459f76ed5333358699efcb
  languageName: node
  linkType: hard

"@fastify/proxy-addr@npm:^5.0.0":
  version: 5.1.0
  resolution: "@fastify/proxy-addr@npm:5.1.0"
  dependencies:
    "@fastify/forwarded": "npm:^3.0.0"
    ipaddr.js: "npm:^2.1.0"
  checksum: 10c0/d9167e848086cb66a0ae8b008eb6a79e9ae0e17c3e8697a3a22b23152376e22843bea6642a2c07eba5460faa786ebda6157dfa6537ac7b733f758428cd51988b
  languageName: node
  linkType: hard

"@fastify/send@npm:^4.0.0":
  version: 4.1.0
  resolution: "@fastify/send@npm:4.1.0"
  dependencies:
    "@lukeed/ms": "npm:^2.0.2"
    escape-html: "npm:~1.0.3"
    fast-decode-uri-component: "npm:^1.0.1"
    http-errors: "npm:^2.0.0"
    mime: "npm:^3"
  checksum: 10c0/991d7a21c9876eff0a2b37d2979113ac0718af730584481bd328ee28b2c3981f3624f85112c6d6b3e6db0e8ef84949684db49a3932f31ad6f8c7d23cf15c1c8a
  languageName: node
  linkType: hard

"@fastify/static@npm:^9.0.0":
  version: 9.0.0
  resolution: "@fastify/static@npm:9.0.0"
  dependencies:
    "@fastify/accept-negotiator": "npm:^2.0.0"
    "@fastify/send": "npm:^4.0.0"
    content-disposition: "npm:^1.0.1"
    fastify-plugin: "npm:^5.0.0"
    fastq: "npm:^1.17.1"
    glob: "npm:^13.0.0"
  checksum: 10c0/3dd2a884bcb561cc905df99ebf7f2708b0d4b39f97a261c3d7c4be44ac52c296b469ad2e9be4434c8a5248a72805e20de7dba16ad8025ef2f1f78f94ce1e1944
  languageName: node
  linkType: hard

"@fastify/swagger-ui@npm:^5.2.5":
  version: 5.2.5
  resolution: "@fastify/swagger-ui@npm:5.2.5"
  dependencies:
    "@fastify/static": "npm:^9.0.0"
    fastify-plugin: "npm:^5.0.0"
    openapi-types: "npm:^12.1.3"
    rfdc: "npm:^1.3.1"
    yaml: "npm:^2.4.1"
  checksum: 10c0/60591aa4083009760caf6bbeb8c9e537c66ac4e39d2370e4a91256137043b7d251b4d106e56b1e4ff891d1be6d62ad1b1ba71b7e7352d6fbb04d58a6196a9b39
  languageName: node
  linkType: hard

"@lukeed/ms@npm:^2.0.2":
  version: 2.0.2
  resolution: "@lukeed/ms@npm:2.0.2"
  checksum: 10c0/843b922717313bcde4943f478145d8bc13115b9b91d83bbaed53739b5644122984412310aed574792f4e6b492f2cbda178175f601856d310f67e14834c3f17a0
  languageName: node
  linkType: hard

"@pinojs/redact@npm:^0.4.0":
  version: 0.4.0
  resolution: "@pinojs/redact@npm:0.4.0"
  checksum: 10c0/4b311ba17ee0cf154ff9c39eb063ec04cd0d0017cb3750efcdf06c2d485df3e1095e13e872175993568c5568c23e4508dd877c981bbc9c5ae5e384d569efcdff
  languageName: node
  linkType: hard

"@quizzmaster-backend/core@workspace:packages/core, @quizzmaster-backend/core@workspaces:*":
  version: 0.0.0-use.local
  resolution: "@quizzmaster-backend/core@workspace:packages/core"
  dependencies:
    dotenv: "npm:^17.2.3"
    fastify: "npm:^5.6.2"
  languageName: unknown
  linkType: soft

"@quizzmaster-backend/utils@workspace:packages/utils":
  version: 0.0.0-use.local
  resolution: "@quizzmaster-backend/utils@workspace:packages/utils"
  dependencies:
    "@quizzmaster-backend/core": "workspaces:*"
    common-logger: "workspaces:*"
    dotenv: "npm:^17.2.3"
    fastify: "npm:^5.6.2"
  languageName: unknown
  linkType: soft

"abstract-logging@npm:^2.0.1":
  version: 2.0.1
  resolution: "abstract-logging@npm:2.0.1"
  checksum: 10c0/304879d9babcf6772260e5ddde632e6428e1f42f7a7a116d4689e97ad813a20e0ec2dd1e0a122f3617557f40091b9ca85735de4b48c17a2041268cb47b3f8ef1
  languageName: node
  linkType: hard

"ajv-formats@npm:^3.0.1":
  version: 3.0.1
  resolution: "ajv-formats@npm:3.0.1"
  dependencies:
    ajv: "npm:^8.0.0"
  peerDependencies:
    ajv: ^8.0.0
  peerDependenciesMeta:
    ajv:
      optional: true
  checksum: 10c0/168d6bca1ea9f163b41c8147bae537e67bd963357a5488a1eaf3abe8baa8eec806d4e45f15b10767e6020679315c7e1e5e6803088dfb84efa2b4e9353b83dd0a
  languageName: node
  linkType: hard

"ajv@npm:^8.0.0, ajv@npm:^8.12.0":
  version: 8.18.0
  resolution: "ajv@npm:8.18.0"
  dependencies:
    fast-deep-equal: "npm:^3.1.3"
    fast-uri: "npm:^3.0.1"
    json-schema-traverse: "npm:^1.0.0"
    require-from-string: "npm:^2.0.2"
  checksum: 10c0/e7517c426173513a07391be951879932bdf3348feaebd2199f5b901c20f99d60db8cd1591502d4d551dc82f594e82a05c4fe1c70139b15b8937f7afeaed9532f
  languageName: node
  linkType: hard

"argparse@npm:^2.0.1":
  version: 2.0.1
  resolution: "argparse@npm:2.0.1"
  checksum: 10c0/c5640c2d89045371c7cedd6a70212a04e360fd34d6edeae32f6952c63949e3525ea77dbec0289d8213a99bbaeab5abfa860b5c12cf88a2e6cf8106e90dd27a7e
  languageName: node
  linkType: hard

"atomic-sleep@npm:^1.0.0":
  version: 1.0.0
  resolution: "atomic-sleep@npm:1.0.0"
  checksum: 10c0/e329a6665512736a9bbb073e1761b4ec102f7926cce35037753146a9db9c8104f5044c1662e4a863576ce544fb8be27cd2be6bc8c1a40147d03f31eb1cfb6e8a
  languageName: node
  linkType: hard

"avvio@npm:^9.0.0":
  version: 9.2.0
  resolution: "avvio@npm:9.2.0"
  dependencies:
    "@fastify/error": "npm:^4.0.0"
    fastq: "npm:^1.17.1"
  checksum: 10c0/ebeb1613a507d001922a3a2763336191da731bbd9df93f67d51b08fc98549e14499b058e008220d5df3354e0f14316cfa57107198caf09df6c8ba42c94ce9f51
  languageName: node
  linkType: hard

"balanced-match@npm:^1.0.0":
  version: 1.0.2
  resolution: "balanced-match@npm:1.0.2"
  checksum: 10c0/9308baf0a7e4838a82bbfd11e01b1cb0f0cf2893bc1676c27c2a8c0e70cbae1c59120c3268517a8ae7fb6376b4639ef81ca22582611dbee4ed28df945134aaee
  languageName: node
  linkType: hard

"balanced-match@npm:^4.0.2":
  version: 4.0.4
  resolution: "balanced-match@npm:4.0.4"
  checksum: 10c0/07e86102a3eb2ee2a6a1a89164f29d0dbaebd28f2ca3f5ca786f36b8b23d9e417eb3be45a4acf754f837be5ac0a2317de90d3fcb7f4f4dc95720a1f36b26a17b
  languageName: node
  linkType: hard

"brace-expansion@npm:^1.1.7":
  version: 1.1.12
  resolution: "brace-expansion@npm:1.1.12"
  dependencies:
    balanced-match: "npm:^1.0.0"
    concat-map: "npm:0.0.1"
  checksum: 10c0/975fecac2bb7758c062c20d0b3b6288c7cc895219ee25f0a64a9de662dbac981ff0b6e89909c3897c1f84fa353113a721923afdec5f8b2350255b097f12b1f73
  languageName: node
  linkType: hard

"brace-expansion@npm:^5.0.2":
  version: 5.0.4
  resolution: "brace-expansion@npm:5.0.4"
  dependencies:
    balanced-match: "npm:^4.0.2"
  checksum: 10c0/359cbcfa80b2eb914ca1f3440e92313fbfe7919ee6b274c35db55bec555aded69dac5ee78f102cec90c35f98c20fa43d10936d0cd9978158823c249257e1643a
  languageName: node
  linkType: hard

"colorette@npm:^2.0.7":
  version: 2.0.20
  resolution: "colorette@npm:2.0.20"
  checksum: 10c0/e94116ff33b0ff56f3b83b9ace895e5bf87c2a7a47b3401b8c3f3226e050d5ef76cf4072fb3325f9dc24d1698f9b730baf4e05eeaf861d74a1883073f4c98a40
  languageName: node
  linkType: hard

"common-logger@workspace:packages/common, common-logger@workspaces:*":
  version: 0.0.0-use.local
  resolution: "common-logger@workspace:packages/common"
  dependencies:
    pino: "npm:^10.1.0"
    pino-pretty: "npm:^13.1.2"
  languageName: unknown
  linkType: soft

"concat-map@npm:0.0.1":
  version: 0.0.1
  resolution: "concat-map@npm:0.0.1"
  checksum: 10c0/c996b1cfdf95b6c90fee4dae37e332c8b6eb7d106430c17d538034c0ad9a1630cb194d2ab37293b1bdd4d779494beee7786d586a50bd9376fd6f7bcc2bd4c98f
  languageName: node
  linkType: hard

"content-disposition@npm:^0.5.3":
  version: 0.5.4
  resolution: "content-disposition@npm:0.5.4"
  dependencies:
    safe-buffer: "npm:5.2.1"
  checksum: 10c0/bac0316ebfeacb8f381b38285dc691c9939bf0a78b0b7c2d5758acadad242d04783cee5337ba7d12a565a19075af1b3c11c728e1e4946de73c6ff7ce45f3f1bb
  languageName: node
  linkType: hard

"content-disposition@npm:^1.0.1":
  version: 1.0.1
  resolution: "content-disposition@npm:1.0.1"
  checksum: 10c0/bd7ff1fe8d2542d3a2b9a29428cc3591f6ac27bb5595bba2c69664408a68f9538b14cbd92479796ea835b317a09a527c8c7209c4200381dedb0c34d3b658849e
  languageName: node
  linkType: hard

"cookie@npm:^1.0.1":
  version: 1.1.1
  resolution: "cookie@npm:1.1.1"
  checksum: 10c0/79c4ddc0fcad9c4f045f826f42edf54bcc921a29586a4558b0898277fa89fb47be95bc384c2253f493af7b29500c830da28341274527328f18eba9f58afa112c
  languageName: node
  linkType: hard

"dateformat@npm:^4.6.3":
  version: 4.6.3
  resolution: "dateformat@npm:4.6.3"
  checksum: 10c0/e2023b905e8cfe2eb8444fb558562b524807a51cdfe712570f360f873271600b5c94aebffaf11efb285e2c072264a7cf243eadb68f3eba0f8cc85fb86cd25df6
  languageName: node
  linkType: hard

"debug@npm:2.6.9":
  version: 2.6.9
  resolution: "debug@npm:2.6.9"
  dependencies:
    ms: "npm:2.0.0"
  checksum: 10c0/121908fb839f7801180b69a7e218a40b5a0b718813b886b7d6bdb82001b931c938e2941d1e4450f33a1b1df1da653f5f7a0440c197f29fbf8a6e9d45ff6ef589
  languageName: node
  linkType: hard

"debug@npm:^4.1.1":
  version: 4.4.3
  resolution: "debug@npm:4.4.3"
  dependencies:
    ms: "npm:^2.1.3"
  peerDependenciesMeta:
    supports-color:
      optional: true
  checksum: 10c0/d79136ec6c83ecbefd0f6a5593da6a9c91ec4d7ddc4b54c883d6e71ec9accb5f67a1a5e96d00a328196b5b5c86d365e98d8a3a70856aaf16b4e7b1985e67f5a6
  languageName: node
  linkType: hard

"depd@npm:~1.1.2":
  version: 1.1.2
  resolution: "depd@npm:1.1.2"
  checksum: 10c0/acb24aaf936ef9a227b6be6d495f0d2eb20108a9a6ad40585c5bda1a897031512fef6484e4fdbb80bd249fdaa82841fa1039f416ece03188e677ba11bcfda249
  languageName: node
  linkType: hard

"depd@npm:~2.0.0":
  version: 2.0.0
  resolution: "depd@npm:2.0.0"
  checksum: 10c0/58bd06ec20e19529b06f7ad07ddab60e504d9e0faca4bd23079fac2d279c3594334d736508dc350e06e510aba5e22e4594483b3a6562ce7c17dd797f4cc4ad2c
  languageName: node
  linkType: hard

"dequal@npm:^2.0.3":
  version: 2.0.3
  resolution: "dequal@npm:2.0.3"
  checksum: 10c0/f98860cdf58b64991ae10205137c0e97d384c3a4edc7f807603887b7c4b850af1224a33d88012009f150861cbee4fa2d322c4cc04b9313bee312e47f6ecaa888
  languageName: node
  linkType: hard

"destroy@npm:~1.0.4":
  version: 1.0.4
  resolution: "destroy@npm:1.0.4"
  checksum: 10c0/eab493808ba17a1fa22c71ef1a4e68d2c4c5222a38040606c966d2ab09117f3a7f3e05c39bffbe41a697f9de552039e43c30e46f0c3eab3faa9f82e800e172a0
  languageName: node
  linkType: hard

"dotenv@npm:^17.2.3":
  version: 17.3.1
  resolution: "dotenv@npm:17.3.1"
  checksum: 10c0/c78e0c2d5a549c751e544cc60e2b95e7cb67e0c551f42e094d161c6b297aa44b630a3c2dcacf5569e529a6c2a6b84e2ab9be8d37b299d425df5a18b81ce4a35f
  languageName: node
  linkType: hard

"ee-first@npm:1.1.1":
  version: 1.1.1
  resolution: "ee-first@npm:1.1.1"
  checksum: 10c0/b5bb125ee93161bc16bfe6e56c6b04de5ad2aa44234d8f644813cc95d861a6910903132b05093706de2b706599367c4130eb6d170f6b46895686b95f87d017b7
  languageName: node
  linkType: hard

"encodeurl@npm:~1.0.2":
  version: 1.0.2
  resolution: "encodeurl@npm:1.0.2"
  checksum: 10c0/f6c2387379a9e7c1156c1c3d4f9cb7bb11cf16dd4c1682e1f6746512564b053df5781029b6061296832b59fb22f459dbe250386d217c2f6e203601abb2ee0bec
  languageName: node
  linkType: hard

"encoding-negotiator@npm:^2.0.1":
  version: 2.0.1
  resolution: "encoding-negotiator@npm:2.0.1"
  checksum: 10c0/9d0ee6e4de90e529fe41e4d701c8dd8fdf053704b3a7e4aec1825c395eb51c7cdee48d780cb8ee4d46558bf50268a2b1a81df39501297b90d6f828190ca19cde
  languageName: node
  linkType: hard

"end-of-stream@npm:^1.1.0":
  version: 1.4.5
  resolution: "end-of-stream@npm:1.4.5"
  dependencies:
    once: "npm:^1.4.0"
  checksum: 10c0/b0701c92a10b89afb1cb45bf54a5292c6f008d744eb4382fa559d54775ff31617d1d7bc3ef617575f552e24fad2c7c1a1835948c66b3f3a4be0a6c1f35c883d8
  languageName: node
  linkType: hard

"escape-html@npm:~1.0.3":
  version: 1.0.3
  resolution: "escape-html@npm:1.0.3"
  checksum: 10c0/524c739d776b36c3d29fa08a22e03e8824e3b2fd57500e5e44ecf3cc4707c34c60f9ca0781c0e33d191f2991161504c295e98f68c78fe7baa6e57081ec6ac0a3
  languageName: node
  linkType: hard

"etag@npm:~1.8.1":
  version: 1.8.1
  resolution: "etag@npm:1.8.1"
  checksum: 10c0/12be11ef62fb9817314d790089a0a49fae4e1b50594135dcb8076312b7d7e470884b5100d249b28c18581b7fd52f8b485689ffae22a11ed9ec17377a33a08f84
  languageName: node
  linkType: hard

"fast-copy@npm:^4.0.0":
  version: 4.0.2
  resolution: "fast-copy@npm:4.0.2"
  checksum: 10c0/f8e51483ce1761e3ba21a07cbd2149afd99a62230aa8025acc6ce4c818000a52c94ebb80960d63953ff01677b7886841f250395e462ad9a54bef39cce1834343
  languageName: node
  linkType: hard

"fast-decode-uri-component@npm:^1.0.1":
  version: 1.0.1
  resolution: "fast-decode-uri-component@npm:1.0.1"
  checksum: 10c0/039d50c2e99d64f999c3f2126c23fbf75a04a4117e218a149ca0b1d2aeb8c834b7b19d643b9d35d4eabce357189a6a94085f78cf48869e6e26cc59b036284bc3
  languageName: node
  linkType: hard

"fast-deep-equal@npm:^3.1.3":
  version: 3.1.3
  resolution: "fast-deep-equal@npm:3.1.3"
  checksum: 10c0/40dedc862eb8992c54579c66d914635afbec43350afbbe991235fdcb4e3a8d5af1b23ae7e79bef7d4882d0ecee06c3197488026998fb19f72dc95acff1d1b1d0
  languageName: node
  linkType: hard

"fast-json-stringify@npm:^6.0.0":
  version: 6.3.0
  resolution: "fast-json-stringify@npm:6.3.0"
  dependencies:
    "@fastify/merge-json-schemas": "npm:^0.2.0"
    ajv: "npm:^8.12.0"
    ajv-formats: "npm:^3.0.1"
    fast-uri: "npm:^3.0.0"
    json-schema-ref-resolver: "npm:^3.0.0"
    rfdc: "npm:^1.2.0"
  checksum: 10c0/5562eee1b18a7db92dce5eca969068da26ff3f8cb940bd875124b02f46992329b248953c8190906a8a638ec980e1f5ec72a70254796d5fb735f2cb315b026fa0
  languageName: node
  linkType: hard

"fast-querystring@npm:^1.0.0":
  version: 1.1.2
  resolution: "fast-querystring@npm:1.1.2"
  dependencies:
    fast-decode-uri-component: "npm:^1.0.1"
  checksum: 10c0/e8223273a9b199722f760f5a047a77ad049a14bd444b821502cb8218f5925e3a5fffb56b64389bca73ab2ac6f1aa7aebbe4e203e5f6e53ff5978de97c0fde4e3
  languageName: node
  linkType: hard

"fast-safe-stringify@npm:^2.1.1":
  version: 2.1.1
  resolution: "fast-safe-stringify@npm:2.1.1"
  checksum: 10c0/d90ec1c963394919828872f21edaa3ad6f1dddd288d2bd4e977027afff09f5db40f94e39536d4646f7e01761d704d72d51dce5af1b93717f3489ef808f5f4e4d
  languageName: node
  linkType: hard

"fast-uri@npm:^3.0.0, fast-uri@npm:^3.0.1":
  version: 3.1.0
  resolution: "fast-uri@npm:3.1.0"
  checksum: 10c0/44364adca566f70f40d1e9b772c923138d47efeac2ae9732a872baafd77061f26b097ba2f68f0892885ad177becd065520412b8ffeec34b16c99433c5b9e2de7
  languageName: node
  linkType: hard

"fastify-plugin@npm:^3.0.0":
  version: 3.0.1
  resolution: "fastify-plugin@npm:3.0.1"
  checksum: 10c0/045a107d2e1962d0967ec21e4417fb31e4f49059cf45d28a612025bdc841092fc897d4ab29eded5a977ad8fdd602c0b30c1a08ae5508f8bff97ece4a30d96032
  languageName: node
  linkType: hard

"fastify-plugin@npm:^5.0.0":
  version: 5.1.0
  resolution: "fastify-plugin@npm:5.1.0"
  checksum: 10c0/61b330b8cb03a3581b796d745137499a782934abcf65dbf9a41d07248520cfd220b3ae8b16afeaf81af712e68e1ac24352895132cfeb2b372c66662c0170f365
  languageName: node
  linkType: hard

"fastify-static@npm:^4.0.0":
  version: 4.6.1
  resolution: "fastify-static@npm:4.6.1"
  dependencies:
    content-disposition: "npm:^0.5.3"
    encoding-negotiator: "npm:^2.0.1"
    fastify-plugin: "npm:^3.0.0"
    glob: "npm:^7.1.4"
    p-limit: "npm:^3.1.0"
    readable-stream: "npm:^3.4.0"
    send: "npm:^0.17.1"
  checksum: 10c0/59ac784b90d0da8f09461b9810dbce601fb207e6aa7783c5069ca381b2d1fbc254e3e9f9e61b4b6d02345431de812ec01fe1da346e542b99944f7a6933eb2bb4
  languageName: node
  linkType: hard

"fastify-swagger-deprecated@npm:fastify-swagger@5.1.1":
  version: 5.1.1
  resolution: "fastify-swagger@npm:5.1.1"
  dependencies:
    fastify-plugin: "npm:^3.0.0"
    fastify-static: "npm:^4.0.0"
    js-yaml: "npm:^4.0.0"
    json-schema-resolver: "npm:^1.3.0"
    openapi-types: "npm:^10.0.0"
    rfdc: "npm:^1.3.0"
  checksum: 10c0/0911d67482d061715c103cc6fea304ba921a6c5c0d7651048d6e4478140954f3e8add4c9b8130cad59aced94e2f0d5c0a9e29bfc87afc803b7c2d7534ce3e228
  languageName: node
  linkType: hard

"fastify-swagger@npm:^5.2.0":
  version: 5.2.0
  resolution: "fastify-swagger@npm:5.2.0"
  dependencies:
    fastify-swagger-deprecated: "npm:fastify-swagger@5.1.1"
    process-warning: "npm:^1.0.0"
  checksum: 10c0/b0f82841484ab8f2eda328374ae3957c6b3b0635f8a6f9b548844ff6c6c1305cf9651030fcea8f9c72b29ea5d34341a49caf2a04034042c88ab41e8aeaef8cce
  languageName: node
  linkType: hard

"fastify@npm:^5.6.2":
  version: 5.8.2
  resolution: "fastify@npm:5.8.2"
  dependencies:
    "@fastify/ajv-compiler": "npm:^4.0.5"
    "@fastify/error": "npm:^4.0.0"
    "@fastify/fast-json-stringify-compiler": "npm:^5.0.0"
    "@fastify/proxy-addr": "npm:^5.0.0"
    abstract-logging: "npm:^2.0.1"
    avvio: "npm:^9.0.0"
    fast-json-stringify: "npm:^6.0.0"
    find-my-way: "npm:^9.0.0"
    light-my-request: "npm:^6.0.0"
    pino: "npm:^9.14.0 || ^10.1.0"
    process-warning: "npm:^5.0.0"
    rfdc: "npm:^1.3.1"
    secure-json-parse: "npm:^4.0.0"
    semver: "npm:^7.6.0"
    toad-cache: "npm:^3.7.0"
  checksum: 10c0/f6ee45032d8467c590b665a5d1d4c90b45c8cc51d427d29ff0c42759fa2ab88168bd9a473675bd163991bc84565e4d6ebdb8b914a6ecea5df59844fd1dfc7553
  languageName: node
  linkType: hard

"fastify@npm:^5.8.2":
  version: 5.8.2
  resolution: "fastify@npm:5.8.2"
  dependencies:
    "@fastify/ajv-compiler": "npm:^4.0.5"
    "@fastify/error": "npm:^4.0.0"
    "@fastify/fast-json-stringify-compiler": "npm:^5.0.0"
    "@fastify/proxy-addr": "npm:^5.0.0"
    abstract-logging: "npm:^2.0.1"
    avvio: "npm:^9.0.0"
    fast-json-stringify: "npm:^6.0.0"
    find-my-way: "npm:^9.0.0"
    light-my-request: "npm:^6.0.0"
    pino: "npm:^9.14.0 || ^10.1.0"
    process-warning: "npm:^5.0.0"
    rfdc: "npm:^1.3.1"
    secure-json-parse: "npm:^4.0.0"
    semver: "npm:^7.6.0"
    toad-cache: "npm:^3.7.0"
  checksum: 10c0/f6ee45032d8467c590b665a5d1d4c90b45c8cc51d427d29ff0c42759fa2ab88168bd9a473675bd163991bc84565e4d6ebdb8b914a6ecea5df59844fd1dfc7553
  languageName: node
  linkType: hard

"fastq@npm:^1.17.1":
  version: 1.20.1
  resolution: "fastq@npm:1.20.1"
  dependencies:
    reusify: "npm:^1.0.4"
  checksum: 10c0/e5dd725884decb1f11e5c822221d76136f239d0236f176fab80b7b8f9e7619ae57e6b4e5b73defc21e6b9ef99437ee7b545cff8e6c2c337819633712fa9d352e
  languageName: node
  linkType: hard

"find-my-way@npm:^9.0.0":
  version: 9.5.0
  resolution: "find-my-way@npm:9.5.0"
  dependencies:
    fast-deep-equal: "npm:^3.1.3"
    fast-querystring: "npm:^1.0.0"
    safe-regex2: "npm:^5.0.0"
  checksum: 10c0/a70cb80a296dbb57a16940fd0697a47dbe372d35a5096bc2a827d8d67f66c22244e308e599ec19bfee4be25910aaf1d9e157a82cad6deaf9cc9cd7460740daec
  languageName: node
  linkType: hard

"fresh@npm:0.5.2":
  version: 0.5.2
  resolution: "fresh@npm:0.5.2"
  checksum: 10c0/c6d27f3ed86cc5b601404822f31c900dd165ba63fff8152a3ef714e2012e7535027063bc67ded4cb5b3a49fa596495d46cacd9f47d6328459cf570f08b7d9e5a
  languageName: node
  linkType: hard

"fs.realpath@npm:^1.0.0":
  version: 1.0.0
  resolution: "fs.realpath@npm:1.0.0"
  checksum: 10c0/444cf1291d997165dfd4c0d58b69f0e4782bfd9149fd72faa4fe299e68e0e93d6db941660b37dd29153bf7186672ececa3b50b7e7249477b03fdf850f287c948
  languageName: node
  linkType: hard

"glob@npm:^13.0.0":
  version: 13.0.6
  resolution: "glob@npm:13.0.6"
  dependencies:
    minimatch: "npm:^10.2.2"
    minipass: "npm:^7.1.3"
    path-scurry: "npm:^2.0.2"
  checksum: 10c0/269c236f11a9b50357fe7a8c6aadac667e01deb5242b19c84975628f05f4438d8ee1354bb62c5d6c10f37fd59911b54d7799730633a2786660d8c69f1d18120a
  languageName: node
  linkType: hard

"glob@npm:^7.1.4":
  version: 7.2.3
  resolution: "glob@npm:7.2.3"
  dependencies:
    fs.realpath: "npm:^1.0.0"
    inflight: "npm:^1.0.4"
    inherits: "npm:2"
    minimatch: "npm:^3.1.1"
    once: "npm:^1.3.0"
    path-is-absolute: "npm:^1.0.0"
  checksum: 10c0/65676153e2b0c9095100fe7f25a778bf45608eeb32c6048cf307f579649bcc30353277b3b898a3792602c65764e5baa4f643714dfbdfd64ea271d210c7a425fe
  languageName: node
  linkType: hard

"help-me@npm:^5.0.0":
  version: 5.0.0
  resolution: "help-me@npm:5.0.0"
  checksum: 10c0/054c0e2e9ae2231c85ab5e04f75109b9d068ffcc54e58fb22079822a5ace8ff3d02c66fd45379c902ad5ab825e5d2e1451fcc2f7eab1eb49e7d488133ba4cacb
  languageName: node
  linkType: hard

"hot-path@workspace:packages/hot-path":
  version: 0.0.0-use.local
  resolution: "hot-path@workspace:packages/hot-path"
  dependencies:
    "@fastify/swagger-ui": "npm:^5.2.5"
    fastify: "npm:^5.8.2"
    fastify-swagger: "npm:^5.2.0"
  languageName: unknown
  linkType: soft

"http-errors@npm:1.8.1":
  version: 1.8.1
  resolution: "http-errors@npm:1.8.1"
  dependencies:
    depd: "npm:~1.1.2"
    inherits: "npm:2.0.4"
    setprototypeof: "npm:1.2.0"
    statuses: "npm:>= 1.5.0 < 2"
    toidentifier: "npm:1.0.1"
  checksum: 10c0/f01aeecd76260a6fe7f08e192fcbe9b2f39ed20fc717b852669a69930167053b01790998275c6297d44f435cf0e30edd50c05223d1bec9bc484e6cf35b2d6f43
  languageName: node
  linkType: hard

"http-errors@npm:^2.0.0":
  version: 2.0.1
  resolution: "http-errors@npm:2.0.1"
  dependencies:
    depd: "npm:~2.0.0"
    inherits: "npm:~2.0.4"
    setprototypeof: "npm:~1.2.0"
    statuses: "npm:~2.0.2"
    toidentifier: "npm:~1.0.1"
  checksum: 10c0/fb38906cef4f5c83952d97661fe14dc156cb59fe54812a42cd448fa57b5c5dfcb38a40a916957737bd6b87aab257c0648d63eb5b6a9ca9f548e105b6072712d4
  languageName: node
  linkType: hard

"inflight@npm:^1.0.4":
  version: 1.0.6
  resolution: "inflight@npm:1.0.6"
  dependencies:
    once: "npm:^1.3.0"
    wrappy: "npm:1"
  checksum: 10c0/7faca22584600a9dc5b9fca2cd5feb7135ac8c935449837b315676b4c90aa4f391ec4f42240178244b5a34e8bede1948627fda392ca3191522fc46b34e985ab2
  languageName: node
  linkType: hard

"inherits@npm:2, inherits@npm:2.0.4, inherits@npm:^2.0.3, inherits@npm:~2.0.4":
  version: 2.0.4
  resolution: "inherits@npm:2.0.4"
  checksum: 10c0/4e531f648b29039fb7426fb94075e6545faa1eb9fe83c29f0b6d9e7263aceb4289d2d4557db0d428188eeb449cc7c5e77b0a0b2c4e248ff2a65933a0dee49ef2
  languageName: node
  linkType: hard

"ipaddr.js@npm:^2.1.0":
  version: 2.3.0
  resolution: "ipaddr.js@npm:2.3.0"
  checksum: 10c0/084bab99e2f6875d7a62adc3325e1c64b038a12c9521e35fb967b5e263a8b3afb1b8884dd77c276092331f5d63298b767491e10997ef147c62da01b143780bbd
  languageName: node
  linkType: hard

"joycon@npm:^3.1.1":
  version: 3.1.1
  resolution: "joycon@npm:3.1.1"
  checksum: 10c0/131fb1e98c9065d067fd49b6e685487ac4ad4d254191d7aa2c9e3b90f4e9ca70430c43cad001602bdbdabcf58717d3b5c5b7461c1bd8e39478c8de706b3fe6ae
  languageName: node
  linkType: hard

"js-yaml@npm:^4.0.0":
  version: 4.1.1
  resolution: "js-yaml@npm:4.1.1"
  dependencies:
    argparse: "npm:^2.0.1"
  bin:
    js-yaml: bin/js-yaml.js
  checksum: 10c0/561c7d7088c40a9bb53cc75becbfb1df6ae49b34b5e6e5a81744b14ae8667ec564ad2527709d1a6e7d5e5fa6d483aa0f373a50ad98d42fde368ec4a190d4fae7
  languageName: node
  linkType: hard

"json-schema-ref-resolver@npm:^3.0.0":
  version: 3.0.0
  resolution: "json-schema-ref-resolver@npm:3.0.0"
  dependencies:
    dequal: "npm:^2.0.3"
  checksum: 10c0/0b6f4b66951ac0f6864949c08317cf0b7f7ae94e8da0b94e40df3561dc1a0b77a69b669d60aa1511b06aa18469203886eb2e89fd6bb3dcf0be46c329d69b0115
  languageName: node
  linkType: hard

"json-schema-resolver@npm:^1.3.0":
  version: 1.3.0
  resolution: "json-schema-resolver@npm:1.3.0"
  dependencies:
    debug: "npm:^4.1.1"
    rfdc: "npm:^1.1.4"
    uri-js: "npm:^4.2.2"
  checksum: 10c0/6879de07c0869253868aeb0ef825c0415452dbfd6a48e375b26b9a439486c22639821c481a36ad32e401c3aceceee77fda4513c095d194f12f1d090cc5f1bbd7
  languageName: node
  linkType: hard

"json-schema-traverse@npm:^1.0.0":
  version: 1.0.0
  resolution: "json-schema-traverse@npm:1.0.0"
  checksum: 10c0/71e30015d7f3d6dc1c316d6298047c8ef98a06d31ad064919976583eb61e1018a60a0067338f0f79cabc00d84af3fcc489bd48ce8a46ea165d9541ba17fb30c6
  languageName: node
  linkType: hard

"light-my-request@npm:^6.0.0":
  version: 6.6.0
  resolution: "light-my-request@npm:6.6.0"
  dependencies:
    cookie: "npm:^1.0.1"
    process-warning: "npm:^4.0.0"
    set-cookie-parser: "npm:^2.6.0"
  checksum: 10c0/1440853cd3822ab83fbb1be4456099082dec8e9e3a4ea35c9d8d7d17a7ab98c83ad0a4c39a73a8c2b31b9ca70c57506e5b7a929495c149463ca0daca0d90dc6f
  languageName: node
  linkType: hard

"lru-cache@npm:^11.0.0":
  version: 11.2.6
  resolution: "lru-cache@npm:11.2.6"
  checksum: 10c0/73bbffb298760e71b2bfe8ebc16a311c6a60ceddbba919cfedfd8635c2d125fbfb5a39b71818200e67973b11f8d59c5a9e31d6f90722e340e90393663a66e5cd
  languageName: node
  linkType: hard

"mime@npm:1.6.0":
  version: 1.6.0
  resolution: "mime@npm:1.6.0"
  bin:
    mime: cli.js
  checksum: 10c0/b92cd0adc44888c7135a185bfd0dddc42c32606401c72896a842ae15da71eb88858f17669af41e498b463cd7eb998f7b48939a25b08374c7924a9c8a6f8a81b0
  languageName: node
  linkType: hard

"mime@npm:^3":
  version: 3.0.0
  resolution: "mime@npm:3.0.0"
  bin:
    mime: cli.js
  checksum: 10c0/402e792a8df1b2cc41cb77f0dcc46472b7944b7ec29cb5bbcd398624b6b97096728f1239766d3fdeb20551dd8d94738344c195a6ea10c4f906eb0356323b0531
  languageName: node
  linkType: hard

"minimatch@npm:^10.2.2":
  version: 10.2.4
  resolution: "minimatch@npm:10.2.4"
  dependencies:
    brace-expansion: "npm:^5.0.2"
  checksum: 10c0/35f3dfb7b99b51efd46afd378486889f590e7efb10e0f6a10ba6800428cf65c9a8dedb74427d0570b318d749b543dc4e85f06d46d2858bc8cac7e1eb49a95945
  languageName: node
  linkType: hard

"minimatch@npm:^3.1.1":
  version: 3.1.5
  resolution: "minimatch@npm:3.1.5"
  dependencies:
    brace-expansion: "npm:^1.1.7"
  checksum: 10c0/2ecbdc0d33f07bddb0315a8b5afbcb761307a8778b48f0b312418ccbced99f104a2d17d8aca7573433c70e8ccd1c56823a441897a45e384ea76ef401a26ace70
  languageName: node
  linkType: hard

"minimist@npm:^1.2.6":
  version: 1.2.8
  resolution: "minimist@npm:1.2.8"
  checksum: 10c0/19d3fcdca050087b84c2029841a093691a91259a47def2f18222f41e7645a0b7c44ef4b40e88a1e58a40c84d2ef0ee6047c55594d298146d0eb3f6b737c20ce6
  languageName: node
  linkType: hard

"minipass@npm:^7.1.2, minipass@npm:^7.1.3":
  version: 7.1.3
  resolution: "minipass@npm:7.1.3"
  checksum: 10c0/539da88daca16533211ea5a9ee98dc62ff5742f531f54640dd34429e621955e91cc280a91a776026264b7f9f6735947629f920944e9c1558369e8bf22eb33fbb
  languageName: node
  linkType: hard

"ms@npm:2.0.0":
  version: 2.0.0
  resolution: "ms@npm:2.0.0"
  checksum: 10c0/f8fda810b39fd7255bbdc451c46286e549794fcc700dc9cd1d25658bbc4dc2563a5de6fe7c60f798a16a60c6ceb53f033cb353f493f0cf63e5199b702943159d
  languageName: node
  linkType: hard

"ms@npm:2.1.3, ms@npm:^2.1.3":
  version: 2.1.3
  resolution: "ms@npm:2.1.3"
  checksum: 10c0/d924b57e7312b3b63ad21fc5b3dc0af5e78d61a1fc7cfb5457edaf26326bf62be5307cc87ffb6862ef1c2b33b0233cdb5d4f01c4c958cc0d660948b65a287a48
  languageName: node
  linkType: hard

"on-exit-leak-free@npm:^2.1.0":
  version: 2.1.2
  resolution: "on-exit-leak-free@npm:2.1.2"
  checksum: 10c0/faea2e1c9d696ecee919026c32be8d6a633a7ac1240b3b87e944a380e8a11dc9c95c4a1f8fb0568de7ab8db3823e790f12bda45296b1d111e341aad3922a0570
  languageName: node
  linkType: hard

"on-finished@npm:~2.3.0":
  version: 2.3.0
  resolution: "on-finished@npm:2.3.0"
  dependencies:
    ee-first: "npm:1.1.1"
  checksum: 10c0/c904f9e518b11941eb60279a3cbfaf1289bd0001f600a950255b1dede9fe3df8cd74f38483550b3bb9485165166acb5db500c3b4c4337aec2815c88c96fcc2ea
  languageName: node
  linkType: hard

"once@npm:^1.3.0, once@npm:^1.3.1, once@npm:^1.4.0":
  version: 1.4.0
  resolution: "once@npm:1.4.0"
  dependencies:
    wrappy: "npm:1"
  checksum: 10c0/5d48aca287dfefabd756621c5dfce5c91a549a93e9fdb7b8246bc4c4790aa2ec17b34a260530474635147aeb631a2dcc8b32c613df0675f96041cbb8244517d0
  languageName: node
  linkType: hard

"openapi-types@npm:^10.0.0":
  version: 10.0.0
  resolution: "openapi-types@npm:10.0.0"
  checksum: 10c0/b08ea872597dd2fcd047f3eb3baa47ca74e5784bdaec8e5ea69e6a05dbd80cbc0d21b431958fb6a228df00f2652a1aff2322cba9dd49ab1d40ded1172a5c259c
  languageName: node
  linkType: hard

"openapi-types@npm:^12.1.3":
  version: 12.1.3
  resolution: "openapi-types@npm:12.1.3"
  checksum: 10c0/4ad4eb91ea834c237edfa6ab31394e87e00c888fc2918009763389c00d02342345195d6f302d61c3fd807f17723cd48df29b47b538b68375b3827b3758cd520f
  languageName: node
  linkType: hard

"p-limit@npm:^3.1.0":
  version: 3.1.0
  resolution: "p-limit@npm:3.1.0"
  dependencies:
    yocto-queue: "npm:^0.1.0"
  checksum: 10c0/9db675949dbdc9c3763c89e748d0ef8bdad0afbb24d49ceaf4c46c02c77d30db4e0652ed36d0a0a7a95154335fab810d95c86153105bb73b3a90448e2bb14e1a
  languageName: node
  linkType: hard

"path-is-absolute@npm:^1.0.0":
  version: 1.0.1
  resolution: "path-is-absolute@npm:1.0.1"
  checksum: 10c0/127da03c82172a2a50099cddbf02510c1791fc2cc5f7713ddb613a56838db1e8168b121a920079d052e0936c23005562059756d653b7c544c53185efe53be078
  languageName: node
  linkType: hard

"path-scurry@npm:^2.0.2":
  version: 2.0.2
  resolution: "path-scurry@npm:2.0.2"
  dependencies:
    lru-cache: "npm:^11.0.0"
    minipass: "npm:^7.1.2"
  checksum: 10c0/b35ad37cf6557a87fd057121ce2be7695380c9138d93e87ae928609da259ea0a170fac6f3ef1eb3ece8a068e8b7f2f3adf5bb2374cf4d4a57fe484954fcc9482
  languageName: node
  linkType: hard

"pino-abstract-transport@npm:^3.0.0":
  version: 3.0.0
  resolution: "pino-abstract-transport@npm:3.0.0"
  dependencies:
    split2: "npm:^4.0.0"
  checksum: 10c0/4486e1b9508110aaf963d07741ac98d660b974dd51d8ad42077d215118e27cda20c64da46c07c926898d52540aab7c6b9c37dc0f5355c203bb1d6a72b5bd8d6c
  languageName: node
  linkType: hard

"pino-pretty@npm:^13.1.2":
  version: 13.1.3
  resolution: "pino-pretty@npm:13.1.3"
  dependencies:
    colorette: "npm:^2.0.7"
    dateformat: "npm:^4.6.3"
    fast-copy: "npm:^4.0.0"
    fast-safe-stringify: "npm:^2.1.1"
    help-me: "npm:^5.0.0"
    joycon: "npm:^3.1.1"
    minimist: "npm:^1.2.6"
    on-exit-leak-free: "npm:^2.1.0"
    pino-abstract-transport: "npm:^3.0.0"
    pump: "npm:^3.0.0"
    secure-json-parse: "npm:^4.0.0"
    sonic-boom: "npm:^4.0.1"
    strip-json-comments: "npm:^5.0.2"
  bin:
    pino-pretty: bin.js
  checksum: 10c0/36fa382521a893290c8f6a5b2ddc28dfb87fda1d161adb6b97d80bf7d24184970d0a7eab6f8ee45c39aff4b2ec3b2e533c756899798adc270010f34ba4411063
  languageName: node
  linkType: hard

"pino-std-serializers@npm:^7.0.0":
  version: 7.1.0
  resolution: "pino-std-serializers@npm:7.1.0"
  checksum: 10c0/d158615aa93ebdeac2d3912ad4227a23ef78cf14229e886214771f581e96eff312257f2d6368c75b2fbf53e5024eda475d81305014f4ed1a6d5eeab9107f6ef0
  languageName: node
  linkType: hard

"pino@npm:^10.1.0, pino@npm:^9.14.0 || ^10.1.0":
  version: 10.3.1
  resolution: "pino@npm:10.3.1"
  dependencies:
    "@pinojs/redact": "npm:^0.4.0"
    atomic-sleep: "npm:^1.0.0"
    on-exit-leak-free: "npm:^2.1.0"
    pino-abstract-transport: "npm:^3.0.0"
    pino-std-serializers: "npm:^7.0.0"
    process-warning: "npm:^5.0.0"
    quick-format-unescaped: "npm:^4.0.3"
    real-require: "npm:^0.2.0"
    safe-stable-stringify: "npm:^2.3.1"
    sonic-boom: "npm:^4.0.1"
    thread-stream: "npm:^4.0.0"
  bin:
    pino: bin.js
  checksum: 10c0/ae1c57f2baac85dd5d63a3500746d5ea1cfc4bfcbf356eaec94d42a782eeb80caa4d4614de43a036cf48e2aed46d855a7ff21b126f55a63811def52a894ef937
  languageName: node
  linkType: hard

"process-warning@npm:^1.0.0":
  version: 1.0.0
  resolution: "process-warning@npm:1.0.0"
  checksum: 10c0/43ec4229d64eb5c58340c8aacade49eb5f6fd513eae54140abf365929ca20987f0a35c5868125e2b583cad4de8cd257beb5667d9cc539d9190a7a4c3014adf22
  languageName: node
  linkType: hard

"process-warning@npm:^4.0.0":
  version: 4.0.1
  resolution: "process-warning@npm:4.0.1"
  checksum: 10c0/577a268b9fd5c3d9f6dbb4348220099391d830905642845d591e7ee8b1e45043d98b7b9826a3c1379bdd1686cdfe0f6cf349cb812affc5853b662e6a9896579e
  languageName: node
  linkType: hard

"process-warning@npm:^5.0.0":
  version: 5.0.0
  resolution: "process-warning@npm:5.0.0"
  checksum: 10c0/941f48863d368ec161e0b5890ba0c6af94170078f3d6b5e915c19b36fb59edb0dc2f8e834d25e0d375a8bf368a49d490f080508842168832b93489d17843ec29
  languageName: node
  linkType: hard

"pump@npm:^3.0.0":
  version: 3.0.4
  resolution: "pump@npm:3.0.4"
  dependencies:
    end-of-stream: "npm:^1.1.0"
    once: "npm:^1.3.1"
  checksum: 10c0/2780e66b5471c19e3e3e1063b84f3f6a3a08367f24c5ed552f98cd5901e6ada27c7ad6495d4244f553fd03b01884a4561933064f053f47c8994d84fd352768ea
  languageName: node
  linkType: hard

"punycode@npm:^2.1.0":
  version: 2.3.1
  resolution: "punycode@npm:2.3.1"
  checksum: 10c0/14f76a8206bc3464f794fb2e3d3cc665ae416c01893ad7a02b23766eb07159144ee612ad67af5e84fa4479ccfe67678c4feb126b0485651b302babf66f04f9e9
  languageName: node
  linkType: hard

"quick-format-unescaped@npm:^4.0.3":
  version: 4.0.4
  resolution: "quick-format-unescaped@npm:4.0.4"
  checksum: 10c0/fe5acc6f775b172ca5b4373df26f7e4fd347975578199e7d74b2ae4077f0af05baa27d231de1e80e8f72d88275ccc6028568a7a8c9ee5e7368ace0e18eff93a4
  languageName: node
  linkType: hard

"quizzmaster-backend@workspace:.":
  version: 0.0.0-use.local
  resolution: "quizzmaster-backend@workspace:."
  languageName: unknown
  linkType: soft

"range-parser@npm:~1.2.1":
  version: 1.2.1
  resolution: "range-parser@npm:1.2.1"
  checksum: 10c0/96c032ac2475c8027b7a4e9fe22dc0dfe0f6d90b85e496e0f016fbdb99d6d066de0112e680805075bd989905e2123b3b3d002765149294dce0c1f7f01fcc2ea0
  languageName: node
  linkType: hard

"readable-stream@npm:^3.4.0":
  version: 3.6.2
  resolution: "readable-stream@npm:3.6.2"
  dependencies:
    inherits: "npm:^2.0.3"
    string_decoder: "npm:^1.1.1"
    util-deprecate: "npm:^1.0.1"
  checksum: 10c0/e37be5c79c376fdd088a45fa31ea2e423e5d48854be7a22a58869b4e84d25047b193f6acb54f1012331e1bcd667ffb569c01b99d36b0bd59658fb33f513511b7
  languageName: node
  linkType: hard

"real-require@npm:^0.2.0":
  version: 0.2.0
  resolution: "real-require@npm:0.2.0"
  checksum: 10c0/23eea5623642f0477412ef8b91acd3969015a1501ed34992ada0e3af521d3c865bb2fe4cdbfec5fe4b505f6d1ef6a03e5c3652520837a8c3b53decff7e74b6a0
  languageName: node
  linkType: hard

"require-from-string@npm:^2.0.2":
  version: 2.0.2
  resolution: "require-from-string@npm:2.0.2"
  checksum: 10c0/aaa267e0c5b022fc5fd4eef49d8285086b15f2a1c54b28240fdf03599cbd9c26049fee3eab894f2e1f6ca65e513b030a7c264201e3f005601e80c49fb2937ce2
  languageName: node
  linkType: hard

"ret@npm:~0.5.0":
  version: 0.5.0
  resolution: "ret@npm:0.5.0"
  checksum: 10c0/220868b194f87bf1998e32e409086eec6b39e860c052bf267f8ad4d0131706a9773d45fd3f91acfb1a7c928fce002b694ab86fdba90bc8d4b8df68fa8645c5cc
  languageName: node
  linkType: hard

"reusify@npm:^1.0.4":
  version: 1.1.0
  resolution: "reusify@npm:1.1.0"
  checksum: 10c0/4eff0d4a5f9383566c7d7ec437b671cc51b25963bd61bf127c3f3d3f68e44a026d99b8d2f1ad344afff8d278a8fe70a8ea092650a716d22287e8bef7126bb2fa
  languageName: node
  linkType: hard

"rfdc@npm:^1.1.4, rfdc@npm:^1.2.0, rfdc@npm:^1.3.0, rfdc@npm:^1.3.1":
  version: 1.4.1
  resolution: "rfdc@npm:1.4.1"
  checksum: 10c0/4614e4292356cafade0b6031527eea9bc90f2372a22c012313be1dcc69a3b90c7338158b414539be863fa95bfcb2ddcd0587be696841af4e6679d85e62c060c7
  languageName: node
  linkType: hard

"safe-buffer@npm:5.2.1, safe-buffer@npm:~5.2.0":
  version: 5.2.1
  resolution: "safe-buffer@npm:5.2.1"
  checksum: 10c0/6501914237c0a86e9675d4e51d89ca3c21ffd6a31642efeba25ad65720bce6921c9e7e974e5be91a786b25aa058b5303285d3c15dbabf983a919f5f630d349f3
  languageName: node
  linkType: hard

"safe-regex2@npm:^5.0.0":
  version: 5.0.0
  resolution: "safe-regex2@npm:5.0.0"
  dependencies:
    ret: "npm:~0.5.0"
  checksum: 10c0/83d5b1b60a5a97cb71a6e615518ec4a47761b3600aba389089be59a417498185250db2368080afc2f5e91237d68809c6c634b97a2e1cc8bd56a4c7eef2eeb6cf
  languageName: node
  linkType: hard

"safe-stable-stringify@npm:^2.3.1":
  version: 2.5.0
  resolution: "safe-stable-stringify@npm:2.5.0"
  checksum: 10c0/baea14971858cadd65df23894a40588ed791769db21bafb7fd7608397dbdce9c5aac60748abae9995e0fc37e15f2061980501e012cd48859740796bea2987f49
  languageName: node
  linkType: hard

"secure-json-parse@npm:^4.0.0":
  version: 4.1.0
  resolution: "secure-json-parse@npm:4.1.0"
  checksum: 10c0/52b3f8125ea974db1333a5b63e6a1df550c36c0d5f9a263911d6732812bd02e938b30be324dcbbb9da3ef9bf5a84849e0dd911f56544003d3c09e8eee12504de
  languageName: node
  linkType: hard

"semver@npm:^7.6.0":
  version: 7.7.4
  resolution: "semver@npm:7.7.4"
  bin:
    semver: bin/semver.js
  checksum: 10c0/5215ad0234e2845d4ea5bb9d836d42b03499546ddafb12075566899fc617f68794bb6f146076b6881d755de17d6c6cc73372555879ec7dce2c2feee947866ad2
  languageName: node
  linkType: hard

"send@npm:^0.17.1":
  version: 0.17.2
  resolution: "send@npm:0.17.2"
  dependencies:
    debug: "npm:2.6.9"
    depd: "npm:~1.1.2"
    destroy: "npm:~1.0.4"
    encodeurl: "npm:~1.0.2"
    escape-html: "npm:~1.0.3"
    etag: "npm:~1.8.1"
    fresh: "npm:0.5.2"
    http-errors: "npm:1.8.1"
    mime: "npm:1.6.0"
    ms: "npm:2.1.3"
    on-finished: "npm:~2.3.0"
    range-parser: "npm:~1.2.1"
    statuses: "npm:~1.5.0"
  checksum: 10c0/0f92f0fcd298fcdd759dc7d501bfab79635f549ec3b885e26e4a62b3094420b355d73f2d59749b6004019a4c91db983fb1715378aa622f4bf4e21b0b79853e5c
  languageName: node
  linkType: hard

"set-cookie-parser@npm:^2.6.0":
  version: 2.7.2
  resolution: "set-cookie-parser@npm:2.7.2"
  checksum: 10c0/4381a9eb7ee951dfe393fe7aacf76b9a3b4e93a684d2162ab35594fa4053cc82a4d7d7582bf397718012c9adcf839b8cd8f57c6c42901ea9effe33c752da4a45
  languageName: node
  linkType: hard

"setprototypeof@npm:1.2.0, setprototypeof@npm:~1.2.0":
  version: 1.2.0
  resolution: "setprototypeof@npm:1.2.0"
  checksum: 10c0/68733173026766fa0d9ecaeb07f0483f4c2dc70ca376b3b7c40b7cda909f94b0918f6c5ad5ce27a9160bdfb475efaa9d5e705a11d8eaae18f9835d20976028bc
  languageName: node
  linkType: hard

"sonic-boom@npm:^4.0.1":
  version: 4.2.1
  resolution: "sonic-boom@npm:4.2.1"
  dependencies:
    atomic-sleep: "npm:^1.0.0"
  checksum: 10c0/f374e9c3dfe194d706d8ef8aed4e28bc10638f9952fd19bcbddf2cef05d53334ad9e9dca3e01e24e88dd88fb278c6b8c5b2ae5002494b289c4914aaea3d9eae9
  languageName: node
  linkType: hard

"split2@npm:^4.0.0":
  version: 4.2.0
  resolution: "split2@npm:4.2.0"
  checksum: 10c0/b292beb8ce9215f8c642bb68be6249c5a4c7f332fc8ecadae7be5cbdf1ea95addc95f0459ef2e7ad9d45fd1064698a097e4eb211c83e772b49bc0ee423e91534
  languageName: node
  linkType: hard

"statuses@npm:>= 1.5.0 < 2, statuses@npm:~1.5.0":
  version: 1.5.0
  resolution: "statuses@npm:1.5.0"
  checksum: 10c0/e433900956357b3efd79b1c547da4d291799ac836960c016d10a98f6a810b1b5c0dcc13b5a7aa609a58239b5190e1ea176ad9221c2157d2fd1c747393e6b2940
  languageName: node
  linkType: hard

"statuses@npm:~2.0.2":
  version: 2.0.2
  resolution: "statuses@npm:2.0.2"
  checksum: 10c0/a9947d98ad60d01f6b26727570f3bcceb6c8fa789da64fe6889908fe2e294d57503b14bf2b5af7605c2d36647259e856635cd4c49eab41667658ec9d0080ec3f
  languageName: node
  linkType: hard

"string_decoder@npm:^1.1.1":
  version: 1.3.0
  resolution: "string_decoder@npm:1.3.0"
  dependencies:
    safe-buffer: "npm:~5.2.0"
  checksum: 10c0/810614ddb030e271cd591935dcd5956b2410dd079d64ff92a1844d6b7588bf992b3e1b69b0f4d34a3e06e0bd73046ac646b5264c1987b20d0601f81ef35d731d
  languageName: node
  linkType: hard

"strip-json-comments@npm:^5.0.2":
  version: 5.0.3
  resolution: "strip-json-comments@npm:5.0.3"
  checksum: 10c0/daaf20b29f69fb51112698f4a9a662490dbb78d5baf6127c75a0a83c2ac6c078a8c0f74b389ad5e0519d6fc359c4a57cb9971b1ae201aef62ce45a13247791e0
  languageName: node
  linkType: hard

"thread-stream@npm:^4.0.0":
  version: 4.0.0
  resolution: "thread-stream@npm:4.0.0"
  dependencies:
    real-require: "npm:^0.2.0"
  checksum: 10c0/f0a47a673af574062df20140ec3e857d679365253fcaa98a76c167c9a053ee03291f4b25bd89b078c7f6a48f07f49d5a49e4f5598bb1c8a263ec15955a018fbd
  languageName: node
  linkType: hard

"toad-cache@npm:^3.7.0":
  version: 3.7.0
  resolution: "toad-cache@npm:3.7.0"
  checksum: 10c0/7dae2782ee20b22c9798bb8b71dec7ec6a0091021d2ea9dd6e8afccab6b65b358fdba49a02209fac574499702e2c000660721516c87c2538d1b2c0ba03e8c0c3
  languageName: node
  linkType: hard

"toidentifier@npm:1.0.1, toidentifier@npm:~1.0.1":
  version: 1.0.1
  resolution: "toidentifier@npm:1.0.1"
  checksum: 10c0/93937279934bd66cc3270016dd8d0afec14fb7c94a05c72dc57321f8bd1fa97e5bea6d1f7c89e728d077ca31ea125b78320a616a6c6cd0e6b9cb94cb864381c1
  languageName: node
  linkType: hard

"uri-js@npm:^4.2.2":
  version: 4.4.1
  resolution: "uri-js@npm:4.4.1"
  dependencies:
    punycode: "npm:^2.1.0"
  checksum: 10c0/4ef57b45aa820d7ac6496e9208559986c665e49447cb072744c13b66925a362d96dd5a46c4530a6b8e203e5db5fe849369444440cb22ecfc26c679359e5dfa3c
  languageName: node
  linkType: hard

"util-deprecate@npm:^1.0.1":
  version: 1.0.2
  resolution: "util-deprecate@npm:1.0.2"
  checksum: 10c0/41a5bdd214df2f6c3ecf8622745e4a366c4adced864bc3c833739791aeeeb1838119af7daed4ba36428114b5c67dcda034a79c882e97e43c03e66a4dd7389942
  languageName: node
  linkType: hard

"wrappy@npm:1":
  version: 1.0.2
  resolution: "wrappy@npm:1.0.2"
  checksum: 10c0/56fece1a4018c6a6c8e28fbc88c87e0fbf4ea8fd64fc6c63b18f4acc4bd13e0ad2515189786dd2c30d3eec9663d70f4ecf699330002f8ccb547e4a18231fc9f0
  languageName: node
  linkType: hard

"yaml@npm:^2.4.1":
  version: 2.8.2
  resolution: "yaml@npm:2.8.2"
  bin:
    yaml: bin.mjs
  checksum: 10c0/703e4dc1e34b324aa66876d63618dcacb9ed49f7e7fe9b70f1e703645be8d640f68ab84f12b86df8ac960bac37acf5513e115de7c970940617ce0343c8c9cd96
  languageName: node
  linkType: hard

"yocto-queue@npm:^0.1.0":
  version: 0.1.0
  resolution: "yocto-queue@npm:0.1.0"
  checksum: 10c0/dceb44c28578b31641e13695d200d34ec4ab3966a5729814d5445b194933c096b7ced71494ce53a0e8820685d1d010df8b2422e5bf2cdea7e469d97ffbea306f
  languageName: node
  linkType: hard
